
Microsoft Visual Studio Solution File, Format Version 12.00
# Visual Studio Version 17
VisualStudioVersion = 17.8.34525.116
MinimumVisualStudioVersion = 10.0.40219.1
Project("{FAE04EC0-301F-11D3-BF4B-00C04F79EFBC}") = "Ejercicio1", "Ejercicio1\Ejercicio1.csproj", "{EAD6518D-5372-4B47-BE1F-702D8F552527}"
EndProject
Global
	GlobalSection(SolutionConfigurationPlatforms) = preSolution
		Debug|Any CPU = Debug|Any CPU
		Release|Any CPU = Release|Any CPU
	EndGlobalSection
	GlobalSection(ProjectConfigurationPlatforms) = postSolution
		{EAD6518D-5372-4B47-BE1F-702D8F552527}.Debug|Any CPU.ActiveCfg = Debug|Any CPU
		{EAD6518D-5372-4B47-BE1F-702D8F552527}.Debug|Any CPU.Build.0 = Debug|Any CPU
		{EAD6518D-5372-4B47-BE1F-702D8F552527}.Release|Any CPU.ActiveCfg = Release|Any CPU
		{EAD6518D-5372-4B47-BE1F-702D8F552527}.Release|Any CPU.Build.0 = Release|Any CPU
	EndGlobalSection
	GlobalSection(SolutionProperties) = preSolution
		HideSolutionNode = FALSE
	EndGlobalSection
	GlobalSection(ExtensibilityGlobals) = postSolution
		SolutionGuid = {D2B920A5-3B29-44BE-AB6D-1A1EF59D02F2}
	EndGlobalSection
EndGlobal
